
Microsoft Visual Studio Solution File, Format Version 12.00
# Visual Studio 2013
Project("{FAE04EC0-301F-11D3-BF4B-00C04F79EFBC}") = "3daim.CSharp", "3daim.CSharp.csproj", "{6EE81DA7-EE74-E872-8803-20D6F2921B26}"
EndProject
Global
	GlobalSection(SolutionConfigurationPlatforms) = preSolution
		Debug|Any CPU = Debug|Any CPU
		Release|Any CPU = Release|Any CPU
	EndGlobalSection
	GlobalSection(ProjectConfigurationPlatforms) = postSolution
		{6EE81DA7-EE74-E872-8803-20D6F2921B26}.Debug|Any CPU.ActiveCfg = Debug|Any CPU
		{6EE81DA7-EE74-E872-8803-20D6F2921B26}.Debug|Any CPU.Build.0 = Debug|Any CPU
		{6EE81DA7-EE74-E872-8803-20D6F2921B26}.Release|Any CPU.ActiveCfg = Release|Any CPU
		{6EE81DA7-EE74-E872-8803-20D6F2921B26}.Release|Any CPU.Build.0 = Release|Any CPU
	EndGlobalSection
	GlobalSection(SolutionProperties) = preSolution
		HideSolutionNode = FALSE
	EndGlobalSection
EndGlobal
